Microsoft Visual Studio Solution File, Format Version 8.00
Project("{8BC9CEB8-8B4A-11D0-8D11-00A0C91BC942}") = "Envy", "..\..\Envy\Envy.vcproj", "{9BFBEE9C-A8A6-89F3-A593-FA0CF118982F}"
	ProjectSection(ProjectDependencies) = postProject
	EndProjectSection
EndProject
Project("{8BC9CEB8-8B4A-11D0-8D11-00A0C91BC942}") = "LTestbed", "LTestbed.vcproj", "{F53075BD-A00D-F32A-32A1-E9991A64B9C2}"
	ProjectSection(ProjectDependencies) = postProject
		{2E366D00-23F2-2E32-DC6A-E4BB57CA077A} = {2E366D00-23F2-2E32-DC6A-E4BB57CA077A}
		{9BFBEE9C-A8A6-89F3-A593-FA0CF118982F} = {9BFBEE9C-A8A6-89F3-A593-FA0CF118982F}
		{9477F3E7-548F-3974-595A-D2FAD40E86C3} = {9477F3E7-548F-3974-595A-D2FAD40E86C3}
		{D7A026C5-541C-4BB7-D3A8-88CBBE2BA897} = {D7A026C5-541C-4BB7-D3A8-88CBBE2BA897}
	EndProjectSection
EndProject
Project("{8BC9CEB8-8B4A-11D0-8D11-00A0C91BC942}") = "Hubris", "..\..\Hubris\Hubris.vcproj", "{2E366D00-23F2-2E32-DC6A-E4BB57CA077A}"
	ProjectSection(ProjectDependencies) = postProject
		{7618A196-32FD-DCBD-8B45-A34AC20A0134} = {7618A196-32FD-DCBD-8B45-A34AC20A0134}
	EndProjectSection
EndProject
Project("{8BC9CEB8-8B4A-11D0-8D11-00A0C91BC942}") = "Lust", "..\Lust.vcproj", "{D7A026C5-541C-4BB7-D3A8-88CBBE2BA897}"
	ProjectSection(ProjectDependencies) = postProject
	EndProjectSection
EndProject
Project("{8BC9CEB8-8B4A-11D0-8D11-00A0C91BC942}") = "Pride", "..\..\Pride\Pride.vcproj", "{9477F3E7-548F-3974-595A-D2FAD40E86C3}"
	ProjectSection(ProjectDependencies) = postProject
	EndProjectSection
EndProject
Project("{8BC9CEB8-8B4A-11D0-8D11-00A0C91BC942}") = "TinyXml", "..\..\..\ThirdParty\TinyXml\TinyXml.vcproj", "{7618A196-32FD-DCBD-8B45-A34AC20A0134}"
	ProjectSection(ProjectDependencies) = postProject
	EndProjectSection
EndProject
Global
	GlobalSection(SolutionConfiguration) = preSolution
		Final = Final
		Release = Release
		Debug = Debug
	EndGlobalSection
	GlobalSection(ProjectConfiguration) = postSolution
		{9BFBEE9C-A8A6-89F3-A593-FA0CF118982F}.Final.ActiveCfg = Final|Win32
		{9BFBEE9C-A8A6-89F3-A593-FA0CF118982F}.Final.Build.0 = Final|Win32
		{9BFBEE9C-A8A6-89F3-A593-FA0CF118982F}.Release.ActiveCfg = Release|Win32
		{9BFBEE9C-A8A6-89F3-A593-FA0CF118982F}.Release.Build.0 = Release|Win32
		{9BFBEE9C-A8A6-89F3-A593-FA0CF118982F}.Debug.ActiveCfg = Debug|Win32
		{9BFBEE9C-A8A6-89F3-A593-FA0CF118982F}.Debug.Build.0 = Debug|Win32
		{F53075BD-A00D-F32A-32A1-E9991A64B9C2}.Final.ActiveCfg = Final|Win32
		{F53075BD-A00D-F32A-32A1-E9991A64B9C2}.Final.Build.0 = Final|Win32
		{F53075BD-A00D-F32A-32A1-E9991A64B9C2}.Release.ActiveCfg = Release|Win32
		{F53075BD-A00D-F32A-32A1-E9991A64B9C2}.Release.Build.0 = Release|Win32
		{F53075BD-A00D-F32A-32A1-E9991A64B9C2}.Debug.ActiveCfg = Debug|Win32
		{F53075BD-A00D-F32A-32A1-E9991A64B9C2}.Debug.Build.0 = Debug|Win32
		{2E366D00-23F2-2E32-DC6A-E4BB57CA077A}.Final.ActiveCfg = Final|Win32
		{2E366D00-23F2-2E32-DC6A-E4BB57CA077A}.Final.Build.0 = Final|Win32
		{2E366D00-23F2-2E32-DC6A-E4BB57CA077A}.Release.ActiveCfg = Release|Win32
		{2E366D00-23F2-2E32-DC6A-E4BB57CA077A}.Release.Build.0 = Release|Win32
		{2E366D00-23F2-2E32-DC6A-E4BB57CA077A}.Debug.ActiveCfg = Debug|Win32
		{2E366D00-23F2-2E32-DC6A-E4BB57CA077A}.Debug.Build.0 = Debug|Win32
		{D7A026C5-541C-4BB7-D3A8-88CBBE2BA897}.Final.ActiveCfg = Final|Win32
		{D7A026C5-541C-4BB7-D3A8-88CBBE2BA897}.Final.Build.0 = Final|Win32
		{D7A026C5-541C-4BB7-D3A8-88CBBE2BA897}.Release.ActiveCfg = Release|Win32
		{D7A026C5-541C-4BB7-D3A8-88CBBE2BA897}.Release.Build.0 = Release|Win32
		{D7A026C5-541C-4BB7-D3A8-88CBBE2BA897}.Debug.ActiveCfg = Debug|Win32
		{D7A026C5-541C-4BB7-D3A8-88CBBE2BA897}.Debug.Build.0 = Debug|Win32
		{9477F3E7-548F-3974-595A-D2FAD40E86C3}.Final.ActiveCfg = Final|Win32
		{9477F3E7-548F-3974-595A-D2FAD40E86C3}.Final.Build.0 = Final|Win32
		{9477F3E7-548F-3974-595A-D2FAD40E86C3}.Release.ActiveCfg = Release|Win32
		{9477F3E7-548F-3974-595A-D2FAD40E86C3}.Release.Build.0 = Release|Win32
		{9477F3E7-548F-3974-595A-D2FAD40E86C3}.Debug.ActiveCfg = Debug|Win32
		{9477F3E7-548F-3974-595A-D2FAD40E86C3}.Debug.Build.0 = Debug|Win32
		{7618A196-32FD-DCBD-8B45-A34AC20A0134}.Final.ActiveCfg = Final|Win32
		{7618A196-32FD-DCBD-8B45-A34AC20A0134}.Final.Build.0 = Final|Win32
		{7618A196-32FD-DCBD-8B45-A34AC20A0134}.Release.ActiveCfg = Release|Win32
		{7618A196-32FD-DCBD-8B45-A34AC20A0134}.Release.Build.0 = Release|Win32
		{7618A196-32FD-DCBD-8B45-A34AC20A0134}.Debug.ActiveCfg = Debug|Win32
		{7618A196-32FD-DCBD-8B45-A34AC20A0134}.Debug.Build.0 = Debug|Win32
	EndGlobalSection
	GlobalSection(SolutionItems) = postSolution
		SConscript = SConscript
		..\..\..\SolutionItems\code_standard.txt = ..\..\..\SolutionItems\code_standard.txt
		..\..\..\SolutionItems\todo.txt = ..\..\..\SolutionItems\todo.txt
		..\..\..\SolutionItems\plan.txt = ..\..\..\SolutionItems\plan.txt
	EndGlobalSection
	GlobalSection(ExtensibilityGlobals) = postSolution
	EndGlobalSection
	GlobalSection(ExtensibilityAddIns) = postSolution
	EndGlobalSection
EndGlobal	
<!-- SCons Data:
Y2NvcHlfcmVnCl9yZWNvbnN0cnVjdG9yCnEAKGNDcmVhdGVNc3ZzU29sdXRpb25EYXRhCkNyZWF0
ZU1zdnNTb2x1dGlvbkRhdGFDbGFzcwpxAWNfX2J1aWx0aW5fXwpvYmplY3QKcQJOdHEDUnEEfXEF
KFUYc291cmNlU29sdXRpb25EZXBlbmRlbmN5cQZ9cQcoVRYuLlwuLlxFbnZ5XEVudnkudmNwcm9q
cQhdcQlVD0xUZXN0YmVkLnZjcHJvanEKXXELKFUNSHVicmlzLnZjcHJvanEMVQtFbnZ5LnZjcHJv
anENVQxQcmlkZS52Y3Byb2pxDlULTHVzdC52Y3Byb2pxD2VVGi4uXC4uXEh1YnJpc1xIdWJyaXMu
dmNwcm9qcRBdcRFVDlRpbnlYbWwudmNwcm9qcRJhVQ4uLlxMdXN0LnZjcHJvanETXXEUVRguLlwu
LlxQcmlkZVxQcmlkZS52Y3Byb2pxFV1xFlUqLi5cLi5cLi5cVGhpcmRQYXJ0eVxUaW55WG1sXFRp
bnlYbWwudmNwcm9qcRddcRh1VRFzb2x1dGlvbkl0ZW1BcnJheXEZXXEaKFUKU0NvbnNjcmlwdHEb
VSguLlwuLlwuLlxTb2x1dGlvbkl0ZW1zXGNvZGVfc3RhbmRhcmQudHh0cRxVHy4uXC4uXC4uXFNv
bHV0aW9uSXRlbXNcdG9kby50eHRxHVUfLi5cLi5cLi5cU29sdXRpb25JdGVtc1xwbGFuLnR4dHEe
ZVUJZGF0YUFycmF5cR9dcSAoaAAoY0NyZWF0ZU1zdnNTb2x1dGlvbkRhdGEKQ3JlYXRlTXN2c1Nv
bHV0aW9uRGF0YUNsYXNzRGF0YQpxIWgCTnRxIlJxI31xJChVB3JlbGVhc2VxJVUFRmluYWxxJlUK
Y29uZmlnTmFtZXEnVQtGaW5hbHxXaW4zMnEodWJoAChoIWgCTnRxKVJxKn1xKyhVB3JlbGVhc2Vx
LFUHUmVsZWFzZXEtVQpjb25maWdOYW1lcS5VDVJlbGVhc2V8V2luMzJxL3ViaAAoaCFoAk50cTBS
cTF9cTIoVQdyZWxlYXNlcTNVBURlYnVncTRVCmNvbmZpZ05hbWVxNVULRGVidWd8V2luMzJxNnVi
ZVUQc29sdXRpb25GaWxlTmFtZXE3VTVEOlxjb2VuXENvcmVUZWNoXF9Ub3BcQ29kZVxMdXN0XExU
ZXN0YmVkXExUZXN0YmVkLnNsbnE4dWIu
-->
