Microsoft Visual Studio Solution File, Format Version 8.00
Project("{8BC9CEB8-8B4A-11D0-8D11-00A0C91BC942}") = "Pride", "..\Pride\Pride.vcproj", "{9477F3E7-548F-3974-595A-D2FAD40E86C3}"
	ProjectSection(ProjectDependencies) = postProject
	EndProjectSection
EndProject
Project("{8BC9CEB8-8B4A-11D0-8D11-00A0C91BC942}") = "Lust", "..\Lust\Lust.vcproj", "{D7A026C5-541C-4BB7-D3A8-88CBBE2BA897}"
	ProjectSection(ProjectDependencies) = postProject
	EndProjectSection
EndProject
Project("{8BC9CEB8-8B4A-11D0-8D11-00A0C91BC942}") = "Sloth", "..\Sloth\Sloth.vcproj", "{F1639E8C-E209-C0C3-B098-0433B40BCF17}"
	ProjectSection(ProjectDependencies) = postProject
	EndProjectSection
EndProject
Project("{8BC9CEB8-8B4A-11D0-8D11-00A0C91BC942}") = "Vanity", "Vanity.vcproj", "{51325777-3A92-DC37-C274-268951232C57}"
	ProjectSection(ProjectDependencies) = postProject
	EndProjectSection
EndProject
Project("{8BC9CEB8-8B4A-11D0-8D11-00A0C91BC942}") = "Envy", "..\Envy\Envy.vcproj", "{9BFBEE9C-A8A6-89F3-A593-FA0CF118982F}"
	ProjectSection(ProjectDependencies) = postProject
	EndProjectSection
EndProject
Project("{8BC9CEB8-8B4A-11D0-8D11-00A0C91BC942}") = "Hubris", "..\Hubris\Hubris.vcproj", "{2E366D00-23F2-2E32-DC6A-E4BB57CA077A}"
	ProjectSection(ProjectDependencies) = postProject
	EndProjectSection
EndProject
Global
	GlobalSection(SolutionConfiguration) = preSolution
		Final = Final
		Release = Release
		Debug = Debug
	EndGlobalSection
	GlobalSection(ProjectConfiguration) = postSolution
		{9477F3E7-548F-3974-595A-D2FAD40E86C3}.Final.ActiveCfg = Final|Win32
		{9477F3E7-548F-3974-595A-D2FAD40E86C3}.Final.Build.0 = Final|Win32
		{9477F3E7-548F-3974-595A-D2FAD40E86C3}.Release.ActiveCfg = Release|Win32
		{9477F3E7-548F-3974-595A-D2FAD40E86C3}.Release.Build.0 = Release|Win32
		{9477F3E7-548F-3974-595A-D2FAD40E86C3}.Debug.ActiveCfg = Debug|Win32
		{9477F3E7-548F-3974-595A-D2FAD40E86C3}.Debug.Build.0 = Debug|Win32
		{D7A026C5-541C-4BB7-D3A8-88CBBE2BA897}.Final.ActiveCfg = Final|Win32
		{D7A026C5-541C-4BB7-D3A8-88CBBE2BA897}.Final.Build.0 = Final|Win32
		{D7A026C5-541C-4BB7-D3A8-88CBBE2BA897}.Release.ActiveCfg = Release|Win32
		{D7A026C5-541C-4BB7-D3A8-88CBBE2BA897}.Release.Build.0 = Release|Win32
		{D7A026C5-541C-4BB7-D3A8-88CBBE2BA897}.Debug.ActiveCfg = Debug|Win32
		{D7A026C5-541C-4BB7-D3A8-88CBBE2BA897}.Debug.Build.0 = Debug|Win32
		{F1639E8C-E209-C0C3-B098-0433B40BCF17}.Final.ActiveCfg = Final|Win32
		{F1639E8C-E209-C0C3-B098-0433B40BCF17}.Final.Build.0 = Final|Win32
		{F1639E8C-E209-C0C3-B098-0433B40BCF17}.Release.ActiveCfg = Release|Win32
		{F1639E8C-E209-C0C3-B098-0433B40BCF17}.Release.Build.0 = Release|Win32
		{F1639E8C-E209-C0C3-B098-0433B40BCF17}.Debug.ActiveCfg = Debug|Win32
		{F1639E8C-E209-C0C3-B098-0433B40BCF17}.Debug.Build.0 = Debug|Win32
		{51325777-3A92-DC37-C274-268951232C57}.Final.ActiveCfg = Final|Win32
		{51325777-3A92-DC37-C274-268951232C57}.Final.Build.0 = Final|Win32
		{51325777-3A92-DC37-C274-268951232C57}.Release.ActiveCfg = Release|Win32
		{51325777-3A92-DC37-C274-268951232C57}.Release.Build.0 = Release|Win32
		{51325777-3A92-DC37-C274-268951232C57}.Debug.ActiveCfg = Debug|Win32
		{51325777-3A92-DC37-C274-268951232C57}.Debug.Build.0 = Debug|Win32
		{9BFBEE9C-A8A6-89F3-A593-FA0CF118982F}.Final.ActiveCfg = Final|Win32
		{9BFBEE9C-A8A6-89F3-A593-FA0CF118982F}.Final.Build.0 = Final|Win32
		{9BFBEE9C-A8A6-89F3-A593-FA0CF118982F}.Release.ActiveCfg = Release|Win32
		{9BFBEE9C-A8A6-89F3-A593-FA0CF118982F}.Release.Build.0 = Release|Win32
		{9BFBEE9C-A8A6-89F3-A593-FA0CF118982F}.Debug.ActiveCfg = Debug|Win32
		{9BFBEE9C-A8A6-89F3-A593-FA0CF118982F}.Debug.Build.0 = Debug|Win32
		{2E366D00-23F2-2E32-DC6A-E4BB57CA077A}.Final.ActiveCfg = Final|Win32
		{2E366D00-23F2-2E32-DC6A-E4BB57CA077A}.Final.Build.0 = Final|Win32
		{2E366D00-23F2-2E32-DC6A-E4BB57CA077A}.Release.ActiveCfg = Release|Win32
		{2E366D00-23F2-2E32-DC6A-E4BB57CA077A}.Release.Build.0 = Release|Win32
		{2E366D00-23F2-2E32-DC6A-E4BB57CA077A}.Debug.ActiveCfg = Debug|Win32
		{2E366D00-23F2-2E32-DC6A-E4BB57CA077A}.Debug.Build.0 = Debug|Win32
	EndGlobalSection
	GlobalSection(SolutionItems) = postSolution
		SConscript = SConscript
		..\..\SolutionItems\code_standard.txt = ..\..\SolutionItems\code_standard.txt
		..\..\SolutionItems\todo.txt = ..\..\SolutionItems\todo.txt
		..\..\SolutionItems\plan.txt = ..\..\SolutionItems\plan.txt
	EndGlobalSection
	GlobalSection(ExtensibilityGlobals) = postSolution
	EndGlobalSection
	GlobalSection(ExtensibilityAddIns) = postSolution
	EndGlobalSection
EndGlobal	
<!-- SCons Data:
Y2NvcHlfcmVnCl9yZWNvbnN0cnVjdG9yCnEAKGNDcmVhdGVNc3ZzU29sdXRpb25EYXRhCkNyZWF0
ZU1zdnNTb2x1dGlvbkRhdGFDbGFzcwpxAWNfX2J1aWx0aW5fXwpvYmplY3QKcQJOdHEDUnEEfXEF
KFUYc291cmNlU29sdXRpb25EZXBlbmRlbmN5cQZ9cQcoVRUuLlxQcmlkZVxQcmlkZS52Y3Byb2px
CF1xCVUTLi5cTHVzdFxMdXN0LnZjcHJvanEKXXELVRUuLlxTbG90aFxTbG90aC52Y3Byb2pxDF1x
DVUNVmFuaXR5LnZjcHJvanEOXXEPVRMuLlxFbnZ5XEVudnkudmNwcm9qcRBdcRFVFy4uXEh1YnJp
c1xIdWJyaXMudmNwcm9qcRJdcRN1VRFzb2x1dGlvbkl0ZW1BcnJheXEUXXEVKFUKU0NvbnNjcmlw
dHEWVSUuLlwuLlxTb2x1dGlvbkl0ZW1zXGNvZGVfc3RhbmRhcmQudHh0cRdVHC4uXC4uXFNvbHV0
aW9uSXRlbXNcdG9kby50eHRxGFUcLi5cLi5cU29sdXRpb25JdGVtc1xwbGFuLnR4dHEZZVUJZGF0
YUFycmF5cRpdcRsoaAAoY0NyZWF0ZU1zdnNTb2x1dGlvbkRhdGEKQ3JlYXRlTXN2c1NvbHV0aW9u
RGF0YUNsYXNzRGF0YQpxHGgCTnRxHVJxHn1xHyhVB3JlbGVhc2VxIFUFRmluYWxxIVUKY29uZmln
TmFtZXEiVQtGaW5hbHxXaW4zMnEjdWJoAChoHGgCTnRxJFJxJX1xJihVB3JlbGVhc2VxJ1UHUmVs
ZWFzZXEoVQpjb25maWdOYW1lcSlVDVJlbGVhc2V8V2luMzJxKnViaAAoaBxoAk50cStScSx9cS0o
VQdyZWxlYXNlcS5VBURlYnVncS9VCmNvbmZpZ05hbWVxMFULRGVidWd8V2luMzJxMXViZVUQc29s
dXRpb25GaWxlTmFtZXEyVSxEOlxjb2VuXENvcmVUZWNoXF9Ub3BcQ29kZVxWYW5pdHlcVmFuaXR5
LnNsbnEzdWIu
-->
