Microsoft Visual Studio Solution File, Format Version 8.00
Project("{8BC9CEB8-8B4A-11D0-8D11-00A0C91BC942}") = "Envy", "..\..\Envy\Envy.vcproj", "{9BFBEE9C-A8A6-89F3-A593-FA0CF118982F}"
	ProjectSection(ProjectDependencies) = postProject
	EndProjectSection
EndProject
Project("{8BC9CEB8-8B4A-11D0-8D11-00A0C91BC942}") = "Hubris", "..\..\Hubris\Hubris.vcproj", "{2E366D00-23F2-2E32-DC6A-E4BB57CA077A}"
	ProjectSection(ProjectDependencies) = postProject
		{7618A196-32FD-DCBD-8B45-A34AC20A0134} = {7618A196-32FD-DCBD-8B45-A34AC20A0134}
	EndProjectSection
EndProject
Project("{8BC9CEB8-8B4A-11D0-8D11-00A0C91BC942}") = "Lust", "..\..\Lust\Lust.vcproj", "{D7A026C5-541C-4BB7-D3A8-88CBBE2BA897}"
	ProjectSection(ProjectDependencies) = postProject
	EndProjectSection
EndProject
Project("{8BC9CEB8-8B4A-11D0-8D11-00A0C91BC942}") = "Pride", "..\..\Pride\Pride.vcproj", "{9477F3E7-548F-3974-595A-D2FAD40E86C3}"
	ProjectSection(ProjectDependencies) = postProject
	EndProjectSection
EndProject
Project("{8BC9CEB8-8B4A-11D0-8D11-00A0C91BC942}") = "VTestbed", "VTestbed.vcproj", "{B410A474-D35E-5856-1679-9F408BD563A1}"
	ProjectSection(ProjectDependencies) = postProject
		{2E366D00-23F2-2E32-DC6A-E4BB57CA077A} = {2E366D00-23F2-2E32-DC6A-E4BB57CA077A}
		{9BFBEE9C-A8A6-89F3-A593-FA0CF118982F} = {9BFBEE9C-A8A6-89F3-A593-FA0CF118982F}
		{9477F3E7-548F-3974-595A-D2FAD40E86C3} = {9477F3E7-548F-3974-595A-D2FAD40E86C3}
		{7D7A11C1-364A-BD11-509F-29BCD158EC8B} = {7D7A11C1-364A-BD11-509F-29BCD158EC8B}
		{D7A026C5-541C-4BB7-D3A8-88CBBE2BA897} = {D7A026C5-541C-4BB7-D3A8-88CBBE2BA897}
		{51325777-3A92-DC37-C274-268951232C57} = {51325777-3A92-DC37-C274-268951232C57}
		{F1639E8C-E209-C0C3-B098-0433B40BCF17} = {F1639E8C-E209-C0C3-B098-0433B40BCF17}
	EndProjectSection
EndProject
Project("{8BC9CEB8-8B4A-11D0-8D11-00A0C91BC942}") = "Vanity", "..\Vanity.vcproj", "{51325777-3A92-DC37-C274-268951232C57}"
	ProjectSection(ProjectDependencies) = postProject
	EndProjectSection
EndProject
Project("{8BC9CEB8-8B4A-11D0-8D11-00A0C91BC942}") = "Greed", "..\..\Greed\Greed.vcproj", "{7D7A11C1-364A-BD11-509F-29BCD158EC8B}"
	ProjectSection(ProjectDependencies) = postProject
	EndProjectSection
EndProject
Project("{8BC9CEB8-8B4A-11D0-8D11-00A0C91BC942}") = "Sloth", "..\..\Sloth\Sloth.vcproj", "{F1639E8C-E209-C0C3-B098-0433B40BCF17}"
	ProjectSection(ProjectDependencies) = postProject
	EndProjectSection
EndProject
Project("{8BC9CEB8-8B4A-11D0-8D11-00A0C91BC942}") = "TinyXml", "..\..\..\ThirdParty\TinyXml\TinyXml.vcproj", "{7618A196-32FD-DCBD-8B45-A34AC20A0134}"
	ProjectSection(ProjectDependencies) = postProject
	EndProjectSection
EndProject
Global
	GlobalSection(SolutionConfiguration) = preSolution
		Final = Final
		Release = Release
		Debug = Debug
	EndGlobalSection
	GlobalSection(ProjectConfiguration) = postSolution
		{9BFBEE9C-A8A6-89F3-A593-FA0CF118982F}.Final.ActiveCfg = Final|Win32
		{9BFBEE9C-A8A6-89F3-A593-FA0CF118982F}.Final.Build.0 = Final|Win32
		{9BFBEE9C-A8A6-89F3-A593-FA0CF118982F}.Release.ActiveCfg = Release|Win32
		{9BFBEE9C-A8A6-89F3-A593-FA0CF118982F}.Release.Build.0 = Release|Win32
		{9BFBEE9C-A8A6-89F3-A593-FA0CF118982F}.Debug.ActiveCfg = Debug|Win32
		{9BFBEE9C-A8A6-89F3-A593-FA0CF118982F}.Debug.Build.0 = Debug|Win32
		{2E366D00-23F2-2E32-DC6A-E4BB57CA077A}.Final.ActiveCfg = Final|Win32
		{2E366D00-23F2-2E32-DC6A-E4BB57CA077A}.Final.Build.0 = Final|Win32
		{2E366D00-23F2-2E32-DC6A-E4BB57CA077A}.Release.ActiveCfg = Release|Win32
		{2E366D00-23F2-2E32-DC6A-E4BB57CA077A}.Release.Build.0 = Release|Win32
		{2E366D00-23F2-2E32-DC6A-E4BB57CA077A}.Debug.ActiveCfg = Debug|Win32
		{2E366D00-23F2-2E32-DC6A-E4BB57CA077A}.Debug.Build.0 = Debug|Win32
		{D7A026C5-541C-4BB7-D3A8-88CBBE2BA897}.Final.ActiveCfg = Final|Win32
		{D7A026C5-541C-4BB7-D3A8-88CBBE2BA897}.Final.Build.0 = Final|Win32
		{D7A026C5-541C-4BB7-D3A8-88CBBE2BA897}.Release.ActiveCfg = Release|Win32
		{D7A026C5-541C-4BB7-D3A8-88CBBE2BA897}.Release.Build.0 = Release|Win32
		{D7A026C5-541C-4BB7-D3A8-88CBBE2BA897}.Debug.ActiveCfg = Debug|Win32
		{D7A026C5-541C-4BB7-D3A8-88CBBE2BA897}.Debug.Build.0 = Debug|Win32
		{9477F3E7-548F-3974-595A-D2FAD40E86C3}.Final.ActiveCfg = Final|Win32
		{9477F3E7-548F-3974-595A-D2FAD40E86C3}.Final.Build.0 = Final|Win32
		{9477F3E7-548F-3974-595A-D2FAD40E86C3}.Release.ActiveCfg = Release|Win32
		{9477F3E7-548F-3974-595A-D2FAD40E86C3}.Release.Build.0 = Release|Win32
		{9477F3E7-548F-3974-595A-D2FAD40E86C3}.Debug.ActiveCfg = Debug|Win32
		{9477F3E7-548F-3974-595A-D2FAD40E86C3}.Debug.Build.0 = Debug|Win32
		{B410A474-D35E-5856-1679-9F408BD563A1}.Final.ActiveCfg = Final|Win32
		{B410A474-D35E-5856-1679-9F408BD563A1}.Final.Build.0 = Final|Win32
		{B410A474-D35E-5856-1679-9F408BD563A1}.Release.ActiveCfg = Release|Win32
		{B410A474-D35E-5856-1679-9F408BD563A1}.Release.Build.0 = Release|Win32
		{B410A474-D35E-5856-1679-9F408BD563A1}.Debug.ActiveCfg = Debug|Win32
		{B410A474-D35E-5856-1679-9F408BD563A1}.Debug.Build.0 = Debug|Win32
		{51325777-3A92-DC37-C274-268951232C57}.Final.ActiveCfg = Final|Win32
		{51325777-3A92-DC37-C274-268951232C57}.Final.Build.0 = Final|Win32
		{51325777-3A92-DC37-C274-268951232C57}.Release.ActiveCfg = Release|Win32
		{51325777-3A92-DC37-C274-268951232C57}.Release.Build.0 = Release|Win32
		{51325777-3A92-DC37-C274-268951232C57}.Debug.ActiveCfg = Debug|Win32
		{51325777-3A92-DC37-C274-268951232C57}.Debug.Build.0 = Debug|Win32
		{7D7A11C1-364A-BD11-509F-29BCD158EC8B}.Final.ActiveCfg = Final|Win32
		{7D7A11C1-364A-BD11-509F-29BCD158EC8B}.Final.Build.0 = Final|Win32
		{7D7A11C1-364A-BD11-509F-29BCD158EC8B}.Release.ActiveCfg = Release|Win32
		{7D7A11C1-364A-BD11-509F-29BCD158EC8B}.Release.Build.0 = Release|Win32
		{7D7A11C1-364A-BD11-509F-29BCD158EC8B}.Debug.ActiveCfg = Debug|Win32
		{7D7A11C1-364A-BD11-509F-29BCD158EC8B}.Debug.Build.0 = Debug|Win32
		{F1639E8C-E209-C0C3-B098-0433B40BCF17}.Final.ActiveCfg = Final|Win32
		{F1639E8C-E209-C0C3-B098-0433B40BCF17}.Final.Build.0 = Final|Win32
		{F1639E8C-E209-C0C3-B098-0433B40BCF17}.Release.ActiveCfg = Release|Win32
		{F1639E8C-E209-C0C3-B098-0433B40BCF17}.Release.Build.0 = Release|Win32
		{F1639E8C-E209-C0C3-B098-0433B40BCF17}.Debug.ActiveCfg = Debug|Win32
		{F1639E8C-E209-C0C3-B098-0433B40BCF17}.Debug.Build.0 = Debug|Win32
		{7618A196-32FD-DCBD-8B45-A34AC20A0134}.Final.ActiveCfg = Final|Win32
		{7618A196-32FD-DCBD-8B45-A34AC20A0134}.Final.Build.0 = Final|Win32
		{7618A196-32FD-DCBD-8B45-A34AC20A0134}.Release.ActiveCfg = Release|Win32
		{7618A196-32FD-DCBD-8B45-A34AC20A0134}.Release.Build.0 = Release|Win32
		{7618A196-32FD-DCBD-8B45-A34AC20A0134}.Debug.ActiveCfg = Debug|Win32
		{7618A196-32FD-DCBD-8B45-A34AC20A0134}.Debug.Build.0 = Debug|Win32
	EndGlobalSection
	GlobalSection(SolutionItems) = postSolution
		SConscript = SConscript
		..\..\..\SolutionItems\code_standard.txt = ..\..\..\SolutionItems\code_standard.txt
		..\..\..\SolutionItems\todo.txt = ..\..\..\SolutionItems\todo.txt
		..\..\..\SolutionItems\plan.txt = ..\..\..\SolutionItems\plan.txt
	EndGlobalSection
	GlobalSection(ExtensibilityGlobals) = postSolution
	EndGlobalSection
	GlobalSection(ExtensibilityAddIns) = postSolution
	EndGlobalSection
EndGlobal	
<!-- SCons Data:
Y2NvcHlfcmVnCl9yZWNvbnN0cnVjdG9yCnEAKGNDcmVhdGVNc3ZzU29sdXRpb25EYXRhCkNyZWF0
ZU1zdnNTb2x1dGlvbkRhdGFDbGFzcwpxAWNfX2J1aWx0aW5fXwpvYmplY3QKcQJOdHEDUnEEfXEF
KFUYc291cmNlU29sdXRpb25EZXBlbmRlbmN5cQZ9cQcoVRYuLlwuLlxFbnZ5XEVudnkudmNwcm9q
cQhdcQlVGi4uXC4uXEh1YnJpc1xIdWJyaXMudmNwcm9qcQpdcQtVDlRpbnlYbWwudmNwcm9qcQxh
VRYuLlwuLlxMdXN0XEx1c3QudmNwcm9qcQ1dcQ5VGC4uXC4uXFByaWRlXFByaWRlLnZjcHJvanEP
XXEQVQ9WVGVzdGJlZC52Y3Byb2pxEV1xEihVDUh1YnJpcy52Y3Byb2pxE1ULRW52eS52Y3Byb2px
FFUMUHJpZGUudmNwcm9qcRVVDEdyZWVkLnZjcHJvanEWVQtMdXN0LnZjcHJvanEXVQ1WYW5pdHku
dmNwcm9qcRhVDFNsb3RoLnZjcHJvanEZZVUQLi5cVmFuaXR5LnZjcHJvanEaXXEbVRguLlwuLlxH
cmVlZFxHcmVlZC52Y3Byb2pxHF1xHVUYLi5cLi5cU2xvdGhcU2xvdGgudmNwcm9qcR5dcR9VKi4u
XC4uXC4uXFRoaXJkUGFydHlcVGlueVhtbFxUaW55WG1sLnZjcHJvanEgXXEhdVURc29sdXRpb25J
dGVtQXJyYXlxIl1xIyhVClNDb25zY3JpcHRxJFUoLi5cLi5cLi5cU29sdXRpb25JdGVtc1xjb2Rl
X3N0YW5kYXJkLnR4dHElVR8uLlwuLlwuLlxTb2x1dGlvbkl0ZW1zXHRvZG8udHh0cSZVHy4uXC4u
XC4uXFNvbHV0aW9uSXRlbXNccGxhbi50eHRxJ2VVCWRhdGFBcnJheXEoXXEpKGgAKGNDcmVhdGVN
c3ZzU29sdXRpb25EYXRhCkNyZWF0ZU1zdnNTb2x1dGlvbkRhdGFDbGFzc0RhdGEKcSpoAk50cStS
cSx9cS0oVQdyZWxlYXNlcS5VBUZpbmFscS9VCmNvbmZpZ05hbWVxMFULRmluYWx8V2luMzJxMXVi
aAAoaCpoAk50cTJScTN9cTQoVQdyZWxlYXNlcTVVB1JlbGVhc2VxNlUKY29uZmlnTmFtZXE3VQ1S
ZWxlYXNlfFdpbjMycTh1YmgAKGgqaAJOdHE5UnE6fXE7KFUHcmVsZWFzZXE8VQVEZWJ1Z3E9VQpj
b25maWdOYW1lcT5VC0RlYnVnfFdpbjMycT91YmVVEHNvbHV0aW9uRmlsZU5hbWVxQFU3RDpcY29l
blxDb3JlVGVjaFxfVG9wXENvZGVcVmFuaXR5XFZUZXN0YmVkXFZUZXN0YmVkLnNsbnFBdWIu
-->
